<?xml version="1.0" encoding="utf-8"?>

<Project ToolsVersion="12.0" xmlns="http://schemas.microsoft.com/developer/msbuild/2003">
  <ItemGroup>
    <Filter Include="BurstHotWallet">
      <UniqueIdentifier>{F766E83E-C919-E15C-BB31-C02A9388ED51}</UniqueIdentifier>
    </Filter>
    <Filter Include="BurstHotWallet\Source">
      <UniqueIdentifier>{44B86C64-670D-14E2-D197-670A3BFF4D38}</UniqueIdentifier>
    </Filter>
    <Filter Include="BurstHotWallet\Source\chat">
      <UniqueIdentifier>{D381CE99-66A8-5EDF-FB60-19EE5E7F2CC7}</UniqueIdentifier>
    </Filter>
    <Filter Include="BurstHotWallet\Source\QR-code">
      <UniqueIdentifier>{AD6B1047-C02C-6E78-E98F-7F756FD11D87}</UniqueIdentifier>
    </Filter>
    <Filter Include="BurstHotWallet\Source\img">
      <UniqueIdentifier>{AE870B2E-EE3F-E39C-9E5A-716D8A0DE5F9}</UniqueIdentifier>
    </Filter>
    <Filter Include="Juce Library Code">
      <UniqueIdentifier>{8B4D1BAA-6DB4-CAEC-A0FA-271F354D5C61}</UniqueIdentifier>
    </Filter>
  </ItemGroup>
  <ItemGroup>
    <ClCompile Include="..\..\Source\chat\ChatBox.cpp">
      <Filter>BurstHotWallet\Source\chat</Filter>
    </ClCompile>
    <ClCompile Include="..\..\Source\chat\ChatComponent.cpp">
      <Filter>BurstHotWallet\Source\chat</Filter>
    </ClCompile>
    <ClCompile Include="..\..\Source\chat\Menu.cpp">
      <Filter>BurstHotWallet\Source\chat</Filter>
    </ClCompile>
    <ClCompile Include="..\..\Source\chat\MessageList.cpp">
      <Filter>BurstHotWallet\Source\chat</Filter>
    </ClCompile>
    <ClCompile Include="..\..\Source\QR-code\BitBuffer.cpp">
      <Filter>BurstHotWallet\Source\QR-code</Filter>
    </ClCompile>
    <ClCompile Include="..\..\Source\QR-code\QrCode.cpp">
      <Filter>BurstHotWallet\Source\QR-code</Filter>
    </ClCompile>
    <ClCompile Include="..\..\Source\QR-code\QrSegment.cpp">
      <Filter>BurstHotWallet\Source\QR-code</Filter>
    </ClCompile>
    <ClCompile Include="..\..\Source\BalanceComponent.cpp">
      <Filter>BurstHotWallet\Source</Filter>
    </ClCompile>
    <ClCompile Include="..\..\Source\ShoutComponent.cpp">
      <Filter>BurstHotWallet\Source</Filter>
    </ClCompile>
    <ClCompile Include="..\..\Source\TradeComponent.cpp">
      <Filter>BurstHotWallet\Source</Filter>
    </ClCompile>
    <ClCompile Include="..\..\Source\TransactionsComponent.cpp">
      <Filter>BurstHotWallet\Source</Filter>
    </ClCompile>
    <ClCompile Include="..\..\Source\TradeInterfaceComponent.cpp">
      <Filter>BurstHotWallet\Source</Filter>
    </ClCompile>
    <ClCompile Include="..\..\Source\AboutComponent.cpp">
      <Filter>BurstHotWallet\Source</Filter>
    </ClCompile>
    <ClCompile Include="..\..\Source\HistoryComponent.cpp">
      <Filter>BurstHotWallet\Source</Filter>
    </ClCompile>
    <ClCompile Include="..\..\Source\SendComponent.cpp">
      <Filter>BurstHotWallet\Source</Filter>
    </ClCompile>
    <ClCompile Include="..\..\Source\PinComponent.cpp">
      <Filter>BurstHotWallet\Source</Filter>
    </ClCompile>
    <ClCompile Include="..\..\Source\InterfaceComponent.cpp">
      <Filter>BurstHotWallet\Source</Filter>
    </ClCompile>
    <ClCompile Include="..\..\Source\Logger.cpp">
      <Filter>BurstHotWallet\Source</Filter>
    </ClCompile>
    <ClCompile Include="..\..\Source\LookAndFeel.cpp">
      <Filter>BurstHotWallet\Source</Filter>
    </ClCompile>
    <ClCompile Include="..\..\Source\SettingsComponent.cpp">
      <Filter>BurstHotWallet\Source</Filter>
    </ClCompile>
    <ClCompile Include="..\..\Source\HttpServer.cpp">
      <Filter>BurstHotWallet\Source</Filter>
    </ClCompile>
    <ClCompile Include="..\..\Source\Main.cpp">
      <Filter>BurstHotWallet\Source</Filter>
    </ClCompile>
    <ClCompile Include="..\..\JuceLibraryCode\BinaryData.cpp">
      <Filter>Juce Library Code</Filter>
    </ClCompile>
    <ClCompile Include="..\..\JuceLibraryCode\juce_audio_basics.cpp">
      <Filter>Juce Library Code</Filter>
    </ClCompile>
    <ClCompile Include="..\..\JuceLibraryCode\juce_audio_devices.cpp">
      <Filter>Juce Library Code</Filter>
    </ClCompile>
    <ClCompile Include="..\..\JuceLibraryCode\juce_audio_formats.cpp">
      <Filter>Juce Library Code</Filter>
    </ClCompile>
    <ClCompile Include="..\..\JuceLibraryCode\juce_audio_processors.cpp">
      <Filter>Juce Library Code</Filter>
    </ClCompile>
    <ClCompile Include="..\..\JuceLibraryCode\juce_core.cpp">
      <Filter>Juce Library Code</Filter>
    </ClCompile>
    <ClCompile Include="..\..\JuceLibraryCode\juce_cryptography.cpp">
      <Filter>Juce Library Code</Filter>
    </ClCompile>
    <ClCompile Include="..\..\JuceLibraryCode\juce_data_structures.cpp">
      <Filter>Juce Library Code</Filter>
    </ClCompile>
    <ClCompile Include="..\..\JuceLibraryCode\juce_events.cpp">
      <Filter>Juce Library Code</Filter>
    </ClCompile>
    <ClCompile Include="..\..\JuceLibraryCode\juce_graphics.cpp">
      <Filter>Juce Library Code</Filter>
    </ClCompile>
    <ClCompile Include="..\..\JuceLibraryCode\juce_gui_basics.cpp">
      <Filter>Juce Library Code</Filter>
    </ClCompile>
    <ClCompile Include="..\..\JuceLibraryCode\juce_gui_extra.cpp">
      <Filter>Juce Library Code</Filter>
    </ClCompile>
    <ClCompile Include="..\..\JuceLibraryCode\juce_opengl.cpp">
      <Filter>Juce Library Code</Filter>
    </ClCompile>
    <ClCompile Include="..\..\JuceLibraryCode\juce_video.cpp">
      <Filter>Juce Library Code</Filter>
    </ClCompile>
  </ItemGroup>
  <ItemGroup>
    <ClInclude Include="..\..\Source\chat\ChatBox.h">
      <Filter>BurstHotWallet\Source\chat</Filter>
    </ClInclude>
    <ClInclude Include="..\..\Source\chat\ChatComponent.h">
      <Filter>BurstHotWallet\Source\chat</Filter>
    </ClInclude>
    <ClInclude Include="..\..\Source\chat\Menu.h">
      <Filter>BurstHotWallet\Source\chat</Filter>
    </ClInclude>
    <ClInclude Include="..\..\Source\chat\MessageList.h">
      <Filter>BurstHotWallet\Source\chat</Filter>
    </ClInclude>
    <ClInclude Include="..\..\Source\QR-code\BitBuffer.hpp">
      <Filter>BurstHotWallet\Source\QR-code</Filter>
    </ClInclude>
    <ClInclude Include="..\..\Source\QR-code\JuceQrCodeGenerator.h">
      <Filter>BurstHotWallet\Source\QR-code</Filter>
    </ClInclude>
    <ClInclude Include="..\..\Source\QR-code\QrCode.hpp">
      <Filter>BurstHotWallet\Source\QR-code</Filter>
    </ClInclude>
    <ClInclude Include="..\..\Source\QR-code\QrSegment.hpp">
      <Filter>BurstHotWallet\Source\QR-code</Filter>
    </ClInclude>
    <ClInclude Include="..\..\Source\BalanceComponent.h">
      <Filter>BurstHotWallet\Source</Filter>
    </ClInclude>
    <ClInclude Include="..\..\Source\ShoutComponent.h">
      <Filter>BurstHotWallet\Source</Filter>
    </ClInclude>
    <ClInclude Include="..\..\Source\TradeComponent.h">
      <Filter>BurstHotWallet\Source</Filter>
    </ClInclude>
    <ClInclude Include="..\..\Source\TransactionsComponent.h">
      <Filter>BurstHotWallet\Source</Filter>
    </ClInclude>
    <ClInclude Include="..\..\Source\TradeInterfaceComponent.h">
      <Filter>BurstHotWallet\Source</Filter>
    </ClInclude>
    <ClInclude Include="..\..\Source\AboutComponent.h">
      <Filter>BurstHotWallet\Source</Filter>
    </ClInclude>
    <ClInclude Include="..\..\Source\HistoryComponent.h">
      <Filter>BurstHotWallet\Source</Filter>
    </ClInclude>
    <ClInclude Include="..\..\Source\SendComponent.h">
      <Filter>BurstHotWallet\Source</Filter>
    </ClInclude>
    <ClInclude Include="..\..\Source\PinComponent.h">
      <Filter>BurstHotWallet\Source</Filter>
    </ClInclude>
    <ClInclude Include="..\..\Source\InterfaceComponent.h">
      <Filter>BurstHotWallet\Source</Filter>
    </ClInclude>
    <ClInclude Include="..\..\Source\Listeners.h">
      <Filter>BurstHotWallet\Source</Filter>
    </ClInclude>
    <ClInclude Include="..\..\Source\Logger.h">
      <Filter>BurstHotWallet\Source</Filter>
    </ClInclude>
    <ClInclude Include="..\..\Source\LookAndFeel.h">
      <Filter>BurstHotWallet\Source</Filter>
    </ClInclude>
    <ClInclude Include="..\..\Source\SettingsComponent.h">
      <Filter>BurstHotWallet\Source</Filter>
    </ClInclude>
    <ClInclude Include="..\..\Source\HttpServer.h">
      <Filter>BurstHotWallet\Source</Filter>
    </ClInclude>
    <ClInclude Include="..\..\JuceLibraryCode\AppConfig.h">
      <Filter>Juce Library Code</Filter>
    </ClInclude>
    <ClInclude Include="..\..\JuceLibraryCode\BinaryData.h">
      <Filter>Juce Library Code</Filter>
    </ClInclude>
    <ClInclude Include="..\..\JuceLibraryCode\JuceHeader.h">
      <Filter>Juce Library Code</Filter>
    </ClInclude>
  </ItemGroup>
  <ItemGroup>
    <None Include="..\..\Source\BurstHotWallet-icon.svg">
      <Filter>BurstHotWallet\Source\img</Filter>
    </None>
    <None Include="..\..\Source\img\cog.svg">
      <Filter>BurstHotWallet\Source\img</Filter>
    </None>
    <None Include="..\..\Source\img\groupchat.svg">
      <Filter>BurstHotWallet\Source\img</Filter>
    </None>
    <None Include="..\..\Source\img\hatnu-bg-p1.svg">
      <Filter>BurstHotWallet\Source\img</Filter>
    </None>
    <None Include="..\..\Source\img\hatnu-bg-p2.svg">
      <Filter>BurstHotWallet\Source\img</Filter>
    </None>
    <None Include="..\..\Source\img\Ubuntu Medium Nerd Font Complete.ttf">
      <Filter>BurstHotWallet\Source\img</Filter>
    </None>
    <None Include="..\..\Source\NotoSans-Regular.ttf">
      <Filter>BurstHotWallet\Source</Filter>
    </None>
    <None Include=".\icon.ico">
      <Filter>Juce Library Code</Filter>
    </None>
  </ItemGroup>
  <ItemGroup>
    <ResourceCompile Include=".\resources.rc">
      <Filter>Juce Library Code</Filter>
    </ResourceCompile>
  </ItemGroup>
</Project>
